# THIS IS AN AUTOGENERATED FILE. DO NOT EDIT THIS FILE DIRECTLY.
# yarn lockfile v1


"@xxxg0001/luaparse@^0.2.3":
  version "0.2.3"
  resolved "https://registry.yarnpkg.com/@xxxg0001/luaparse/-/luaparse-0.2.3.tgz#8c302e97b09557323ee51ec76febe67daba28981"

typescript@^2.1.4:
  version "2.9.2"
  resolved "https://registry.yarnpkg.com/typescript/-/typescript-2.9.2.tgz#1cbf61d05d6b96269244eb6a3bce4bd914e0f00c"

vscode-jsonrpc@^2.4.0:
  version "2.4.0"
  resolved "http://registry.npmjs.org/vscode-jsonrpc/-/vscode-jsonrpc-2.4.0.tgz#51396030e13179555c939b791c29598058b8fbb4"

vscode-languageserver-types@^1.0.4:
  version "1.0.4"
  resolved "http://registry.npmjs.org/vscode-languageserver-types/-/vscode-languageserver-types-1.0.4.tgz#439a52f040c89cf6599d88ed9a1b5a9abdca11b7"

vscode-languageserver@^2.6.0:
  version "2.6.2"
  resolved "http://registry.npmjs.org/vscode-languageserver/-/vscode-languageserver-2.6.2.tgz#c06d817a55c7c9e97bd0535424fc0d5754d61ea9"
  dependencies:
    vscode-jsonrpc "^2.4.0"
    vscode-languageserver-types "^1.0.4"
